// !$*UTF8*$!
{
	archiveVersion = 1;
	classes = {
	};
	objectVersion = 50;
	objects = {

/* Begin PBXBuildFile section */
		1119ED1B20E4AD3100E89EA2 /* AppDelegate.swift in Sources */ = {isa = PBXBuildFile; fileRef = 1119ED1A20E4AD3100E89EA2 /* AppDelegate.swift */; };
		1119ED1D20E4AD3100E89EA2 /* ViewController.swift in Sources */ = {isa = PBXBuildFile; fileRef = 1119ED1C20E4AD3100E89EA2 /* ViewController.swift */; };
		1119ED2020E4AD3100E89EA2 /* Main.storyboard in Resources */ = {isa = PBXBuildFile; fileRef = 1119ED1E20E4AD3100E89EA2 /* Main.storyboard */; };
		1119ED2320E4AD3100E89EA2 /* GeoCrimes.xcdatamodeld in Sources */ = {isa = PBXBuildFile; fileRef = 1119ED2120E4AD3100E89EA2 /* GeoCrimes.xcdatamodeld */; };
		1119ED2520E4AD3300E89EA2 /* Assets.xcassets in Resources */ = {isa = PBXBuildFile; fileRef = 1119ED2420E4AD3300E89EA2 /* Assets.xcassets */; };
		1119ED2820E4AD3300E89EA2 /* LaunchScreen.storyboard in Resources */ = {isa = PBXBuildFile; fileRef = 1119ED2620E4AD3300E89EA2 /* LaunchScreen.storyboard */; };
		1119ED3320E4AD3300E89EA2 /* GeoCrimesTests.swift in Sources */ = {isa = PBXBuildFile; fileRef = 1119ED3220E4AD3300E89EA2 /* GeoCrimesTests.swift */; };
		1119ED3E20E4AD3300E89EA2 /* GeoCrimesUITests.swift in Sources */ = {isa = PBXBuildFile; fileRef = 1119ED3D20E4AD3300E89EA2 /* GeoCrimesUITests.swift */; };
/* End PBXBuildFile section */

/* Begin PBXContainerItemProxy section */
		1119ED2F20E4AD3300E89EA2 /* PBXContainerItemProxy */ = {
			isa = PBXContainerItemProxy;
			containerPortal = 1119ED0F20E4AD3100E89EA2 /* Project object */;
			proxyType = 1;
			remoteGlobalIDString = 1119ED1620E4AD3100E89EA2;
			remoteInfo = GeoCrimes;
		};
		1119ED3A20E4AD3300E89EA2 /* PBXContainerItemProxy */ = {
			isa = PBXContainerItemProxy;
			containerPortal = 1119ED0F20E4AD3100E89EA2 /* Project object */;
			proxyType = 1;
			remoteGlobalIDString = 1119ED1620E4AD3100E89EA2;
			remoteInfo = GeoCrimes;
		};
/* End PBXContainerItemProxy section */

/* Begin PBXFileReference section */
		1119ED1720E4AD3100E89EA2 /* GeoCrimes.app */ = {isa = PBXFileReference; explicitFileType = wrapper.application; includeInIndex = 0; path = GeoCrimes.app; sourceTree = BUILT_PRODUCTS_DIR; };
		1119ED1A20E4AD3100E89EA2 /* AppDelegate.swift */ = {isa = PBXFileReference; lastKnownFileType = sourcecode.swift; path = AppDelegate.swift; sourceTree = "<group>"; };
		1119ED1C20E4AD3100E89EA2 /* ViewController.swift */ = {isa = PBXFileReference; lastKnownFileType = sourcecode.swift; path = ViewController.swift; sourceTree = "<group>"; };
		1119ED1F20E4AD3100E89EA2 /* Base */ = {isa = PBXFileReference; lastKnownFileType = file.storyboard; name = Base; path = Base.lproj/Main.storyboard; sourceTree = "<group>"; };
		1119ED2220E4AD3100E89EA2 /* GeoCrimes.xcdatamodel */ = {isa = PBXFileReference; lastKnownFileType = wrapper.xcdatamodel; path = GeoCrimes.xcdatamodel; sourceTree = "<group>"; };
		1119ED2420E4AD3300E89EA2 /* Assets.xcassets */ = {isa = PBXFileReference; lastKnownFileType = folder.assetcatalog; path = Assets.xcassets; sourceTree = "<group>"; };
		1119ED2720E4AD3300E89EA2 /* Base */ = {isa = PBXFileReference; lastKnownFileType = file.storyboard; name = Base; path = Base.lproj/LaunchScreen.storyboard; sourceTree = "<group>"; };
		1119ED2920E4AD3300E89EA2 /* Info.plist */ = {isa = PBXFileReference; lastKnownFileType = text.plist.xml; path = Info.plist; sourceTree = "<group>"; };
		1119ED2E20E4AD3300E89EA2 /* GeoCrimesTests.xctest */ = {isa = PBXFileReference; explicitFileType = wrapper.cfbundle; includeInIndex = 0; path = GeoCrimesTests.xctest; sourceTree = BUILT_PRODUCTS_DIR; };
		1119ED3220E4AD3300E89EA2 /* GeoCrimesTests.swift */ = {isa = PBXFileReference; lastKnownFileType = sourcecode.swift; path = GeoCrimesTests.swift; sourceTree = "<group>"; };
		1119ED3420E4AD3300E89EA2 /* Info.plist */ = {isa = PBXFileReference; lastKnownFileType = text.plist.xml; path = Info.plist; sourceTree = "<group>"; };
		1119ED3920E4AD3300E89EA2 /* GeoCrimesUITests.xctest */ = {isa = PBXFileReference; explicitFileType = wrapper.cfbundle; includeInIndex = 0; path = GeoCrimesUITests.xctest; sourceTree = BUILT_PRODUCTS_DIR; };
		1119ED3D20E4AD3300E89EA2 /* GeoCrimesUITests.swift */ = {isa = PBXFileReference; lastKnownFileType = sourcecode.swift; path = GeoCrimesUITests.swift; sourceTree = "<group>"; };
		1119ED3F20E4AD3300E89EA2 /* Info.plist */ = {isa = PBXFileReference; lastKnownFileType = text.plist.xml; path = Info.plist; sourceTree = "<group>"; };
/* End PBXFileReference section */

/* Begin PBXFrameworksBuildPhase section */
		1119ED1420E4AD3100E89EA2 /* Frameworks */ = {
			isa = PBXFrameworksBuildPhase;
			buildActionMask = 2147483647;
			files = (
			);
			runOnlyForDeploymentPostprocessing = 0;
		};
		1119ED2B20E4AD3300E89EA2 /* Frameworks */ = {
			isa = PBXFrameworksBuildPhase;
			buildActionMask = 2147483647;
			files = (
			);
			runOnlyForDeploymentPostprocessing = 0;
		};
		1119ED3620E4AD3300E89EA2 /* Frameworks */ = {
			isa = PBXFrameworksBuildPhase;
			buildActionMask = 2147483647;
			files = (
			);
			runOnlyForDeploymentPostprocessing = 0;
		};
/* End PBXFrameworksBuildPhase section */

/* Begin PBXGroup section */
		1119ED0E20E4AD3100E89EA2 = {
			isa = PBXGroup;
			children = (
				1119ED1920E4AD3100E89EA2 /* GeoCrimes */,
				1119ED3120E4AD3300E89EA2 /* GeoCrimesTests */,
				1119ED3C20E4AD3300E89EA2 /* GeoCrimesUITests */,
				1119ED1820E4AD3100E89EA2 /* Products */,
			);
			sourceTree = "<group>";
		};
		1119ED1820E4AD3100E89EA2 /* Products */ = {
			isa = PBXGroup;
			children = (
				1119ED1720E4AD3100E89EA2 /* GeoCrimes.app */,
				1119ED2E20E4AD3300E89EA2 /* GeoCrimesTests.xctest */,
				1119ED3920E4AD3300E89EA2 /* GeoCrimesUITests.xctest */,
			);
			name = Products;
			sourceTree = "<group>";
		};
		1119ED1920E4AD3100E89EA2 /* GeoCrimes */ = {
			isa = PBXGroup;
			children = (
				1119ED1A20E4AD3100E89EA2 /* AppDelegate.swift */,
				1119ED1C20E4AD3100E89EA2 /* ViewController.swift */,
				1119ED1E20E4AD3100E89EA2 /* Main.storyboard */,
				1119ED2420E4AD3300E89EA2 /* Assets.xcassets */,
				1119ED2620E4AD3300E89EA2 /* LaunchScreen.storyboard */,
				1119ED2920E4AD3300E89EA2 /* Info.plist */,
				1119ED2120E4AD3100E89EA2 /* GeoCrimes.xcdatamodeld */,
			);
			path = GeoCrimes;
			sourceTree = "<group>";
		};
		1119ED3120E4AD3300E89EA2 /* GeoCrimesTests */ = {
			isa = PBXGroup;
			children = (
				1119ED3220E4AD3300E89EA2 /* GeoCrimesTests.swift */,
				1119ED3420E4AD3300E89EA2 /* Info.plist */,
			);
			path = GeoCrimesTests;
			sourceTree = "<group>";
		};
		1119ED3C20E4AD3300E89EA2 /* GeoCrimesUITests */ = {
			isa = PBXGroup;
			children = (
				1119ED3D20E4AD3300E89EA2 /* GeoCrimesUITests.swift */,
				1119ED3F20E4AD3300E89EA2 /* Info.plist */,
			);
			path = GeoCrimesUITests;
			sourceTree = "<group>";
		};
/* End PBXGroup section */

/* Begin PBXNativeTarget section */
		1119ED1620E4AD3100E89EA2 /* GeoCrimes */ = {
			isa = PBXNativeTarget;
			buildConfigurationList = 1119ED4220E4AD3300E89EA2 /* Build configuration list for PBXNativeTarget "GeoCrimes" */;
			buildPhases = (
				1119ED1320E4AD3100E89EA2 /* Sources */,
				1119ED1420E4AD3100E89EA2 /* Frameworks */,
				1119ED1520E4AD3100E89EA2 /* Resources */,
			);
			buildRules = (
			);
			dependencies = (
			);
			name = GeoCrimes;
			productName = GeoCrimes;
			productReference = 1119ED1720E4AD3100E89EA2 /* GeoCrimes.app */;
			productType = "com.apple.product-type.application";
		};
		1119ED2D20E4AD3300E89EA2 /* GeoCrimesTests */ = {
			isa = PBXNativeTarget;
			buildConfigurationList = 1119ED4520E4AD3300E89EA2 /* Build configuration list for PBXNativeTarget "GeoCrimesTests" */;
			buildPhases = (
				1119ED2A20E4AD3300E89EA2 /* Sources */,
				1119ED2B20E4AD3300E89EA2 /* Frameworks */,
				1119ED2C20E4AD3300E89EA2 /* Resources */,
			);
			buildRules = (
			);
			dependencies = (
				1119ED3020E4AD3300E89EA2 /* PBXTargetDependency */,
			);
			name = GeoCrimesTests;
			productName = GeoCrimesTests;
			productReference = 1119ED2E20E4AD3300E89EA2 /* GeoCrimesTests.xctest */;
			productType = "com.apple.product-type.bundle.unit-test";
		};
		1119ED3820E4AD3300E89EA2 /* GeoCrimesUITests */ = {
			isa = PBXNativeTarget;
			buildConfigurationList = 1119ED4820E4AD3300E89EA2 /* Build configuration list for PBXNativeTarget "GeoCrimesUITests" */;
			buildPhases = (
				1119ED3520E4AD3300E89EA2 /* Sources */,
				1119ED3620E4AD3300E89EA2 /* Frameworks */,
				1119ED3720E4AD3300E89EA2 /* Resources */,
			);
			buildRules = (
			);
			dependencies = (
				1119ED3B20E4AD3300E89EA2 /* PBXTargetDependency */,
			);
			name = GeoCrimesUITests;
			productName = GeoCrimesUITests;
			productReference = 1119ED3920E4AD3300E89EA2 /* GeoCrimesUITests.xctest */;
			productType = "com.apple.product-type.bundle.ui-testing";
		};
/* End PBXNativeTarget section */

/* Begin PBXProject section */
		1119ED0F20E4AD3100E89EA2 /* Project object */ = {
			isa = PBXProject;
			attributes = {
				LastSwiftUpdateCheck = 0940;
				LastUpgradeCheck = 0940;
				ORGANIZATIONNAME = "Jovito Royeca";
				TargetAttributes = {
					1119ED1620E4AD3100E89EA2 = {
						CreatedOnToolsVersion = 9.4;
					};
					1119ED2D20E4AD3300E89EA2 = {
						CreatedOnToolsVersion = 9.4;
						TestTargetID = 1119ED1620E4AD3100E89EA2;
					};
					1119ED3820E4AD3300E89EA2 = {
						CreatedOnToolsVersion = 9.4;
						TestTargetID = 1119ED1620E4AD3100E89EA2;
					};
				};
			};
			buildConfigurationList = 1119ED1220E4AD3100E89EA2 /* Build configuration list for PBXProject "GeoCrimes" */;
			compatibilityVersion = "Xcode 9.3";
			developmentRegion = en;
			hasScannedForEncodings = 0;
			knownRegions = (
				en,
				Base,
			);
			mainGroup = 1119ED0E20E4AD3100E89EA2;
			productRefGroup = 1119ED1820E4AD3100E89EA2 /* Products */;
			projectDirPath = "";
			projectRoot = "";
			targets = (
				1119ED1620E4AD3100E89EA2 /* GeoCrimes */,
				1119ED2D20E4AD3300E89EA2 /* GeoCrimesTests */,
				1119ED3820E4AD3300E89EA2 /* GeoCrimesUITests */,
			);
		};
/* End PBXProject section */

/* Begin PBXResourcesBuildPhase section */
		1119ED1520E4AD3100E89EA2 /* Resources */ = {
			isa = PBXResourcesBuildPhase;
			buildActionMask = 2147483647;
			files = (
				1119ED2820E4AD3300E89EA2 /* LaunchScreen.storyboard in Resources */,
				1119ED2520E4AD3300E89EA2 /* Assets.xcassets in Resources */,
				1119ED2020E4AD3100E89EA2 /* Main.storyboard in Resources */,
			);
			runOnlyForDeploymentPostprocessing = 0;
		};
		1119ED2C20E4AD3300E89EA2 /* Resources */ = {
			isa = PBXResourcesBuildPhase;
			buildActionMask = 2147483647;
			files = (
			);
			runOnlyForDeploymentPostprocessing = 0;
		};
		1119ED3720E4AD3300E89EA2 /* Resources */ = {
			isa = PBXResourcesBuildPhase;
			buildActionMask = 2147483647;
			files = (
			);
			runOnlyForDeploymentPostprocessing = 0;
		};
/* End PBXResourcesBuildPhase section */

/* Begin PBXSourcesBuildPhase section */
		1119ED1320E4AD3100E89EA2 /* Sources */ = {
			isa = PBXSourcesBuildPhase;
			buildActionMask = 2147483647;
			files = (
				1119ED1D20E4AD3100E89EA2 /* ViewController.swift in Sources */,
				1119ED1B20E4AD3100E89EA2 /* AppDelegate.swift in Sources */,
				1119ED2320E4AD3100E89EA2 /* GeoCrimes.xcdatamodeld in Sources */,
			);
			runOnlyForDeploymentPostprocessing = 0;
		};
		1119ED2A20E4AD3300E89EA2 /* Sources */ = {
			isa = PBXSourcesBuildPhase;
			buildActionMask = 2147483647;
			files = (
				1119ED3320E4AD3300E89EA2 /* GeoCrimesTests.swift in Sources */,
			);
			runOnlyForDeploymentPostprocessing = 0;
		};
		1119ED3520E4AD3300E89EA2 /* Sources */ = {
			isa = PBXSourcesBuildPhase;
			buildActionMask = 2147483647;
			files = (
				1119ED3E20E4AD3300E89EA2 /* GeoCrimesUITests.swift in Sources */,
			);
			runOnlyForDeploymentPostprocessing = 0;
		};
/* End PBXSourcesBuildPhase section */

/* Begin PBXTargetDependency section */
		1119ED3020E4AD3300E89EA2 /* PBXTargetDependency */ = {
			isa = PBXTargetDependency;
			target = 1119ED1620E4AD3100E89EA2 /* GeoCrimes */;
			targetProxy = 1119ED2F20E4AD3300E89EA2 /* PBXContainerItemProxy */;
		};
		1119ED3B20E4AD3300E89EA2 /* PBXTargetDependency */ = {
			isa = PBXTargetDependency;
			target = 1119ED1620E4AD3100E89EA2 /* GeoCrimes */;
			targetProxy = 1119ED3A20E4AD3300E89EA2 /* PBXContainerItemProxy */;
		};
/* End PBXTargetDependency section */

/* Begin PBXVariantGroup section */
		1119ED1E20E4AD3100E89EA2 /* Main.storyboard */ = {
			isa = PBXVariantGroup;
			children = (
				1119ED1F20E4AD3100E89EA2 /* Base */,
			);
			name = Main.storyboard;
			sourceTree = "<group>";
		};
		1119ED2620E4AD3300E89EA2 /* LaunchScreen.storyboard */ = {
			isa = PBXVariantGroup;
			children = (
				1119ED2720E4AD3300E89EA2 /* Base */,
			);
			name = LaunchScreen.storyboard;
			sourceTree = "<group>";
		};
/* End PBXVariantGroup section */

/* Begin XCBuildConfiguration section */
		1119ED4020E4AD3300E89EA2 /* Debug */ = {
			isa = XCBuildConfiguration;
			buildSettings = {
				ALWAYS_SEARCH_USER_PATHS = NO;
				CLANG_ANALYZER_NONNULL = YES;
				CLANG_ANALYZER_NUMBER_OBJECT_CONVERSION = YES_AGGRESSIVE;
				CLANG_CXX_LANGUAGE_STANDARD = "gnu++14";
				CLANG_CXX_LIBRARY = "libc++";
				CLANG_ENABLE_MODULES = YES;
				CLANG_ENABLE_OBJC_ARC = YES;
				CLANG_ENABLE_OBJC_WEAK = YES;
				CLANG_WARN_BLOCK_CAPTURE_AUTORELEASING = YES;
				CLANG_WARN_BOOL_CONVERSION = YES;
				CLANG_WARN_COMMA = YES;
				CLANG_WARN_CONSTANT_CONVERSION = YES;
				CLANG_WARN_DEPRECATED_OBJC_IMPLEMENTATIONS = YES;
				CLANG_WARN_DIRECT_OBJC_ISA_USAGE = YES_ERROR;
				CLANG_WARN_DOCUMENTATION_COMMENTS = YES;
				CLANG_WARN_EMPTY_BODY = YES;
				CLANG_WARN_ENUM_CONVERSION = YES;
				CLANG_WARN_INFINITE_RECURSION = YES;
				CLANG_WARN_INT_CONVERSION = YES;
				CLANG_WARN_NON_LITERAL_NULL_CONVERSION = YES;
				CLANG_WARN_OBJC_IMPLICIT_RETAIN_SELF = YES;
				CLANG_WARN_OBJC_LITERAL_CONVERSION = YES;
				CLANG_WARN_OBJC_ROOT_CLASS = YES_ERROR;
				CLANG_WARN_RANGE_LOOP_ANALYSIS = YES;
				CLANG_WARN_STRICT_PROTOTYPES = YES;
				CLANG_WARN_SUSPICIOUS_MOVE = YES;
				CLANG_WARN_UNGUARDED_AVAILABILITY = YES_AGGRESSIVE;
				CLANG_WARN_UNREACHABLE_CODE = YES;
				CLANG_WARN__DUPLICATE_METHOD_MATCH = YES;
				CODE_SIGN_IDENTITY = "iPhone Developer";
				COPY_PHASE_STRIP = NO;
				DEBUG_INFORMATION_FORMAT = dwarf;
				ENABLE_STRICT_OBJC_MSGSEND = YES;
				ENABLE_TESTABILITY = YES;
				GCC_C_LANGUAGE_STANDARD = gnu11;
				GCC_DYNAMIC_NO_PIC = NO;
				GCC_NO_COMMON_BLOCKS = YES;
				GCC_OPTIMIZATION_LEVEL = 0;
				GCC_PREPROCESSOR_DEFINITIONS = (
					"DEBUG=1",
					"$(inherited)",
				);
				GCC_WARN_64_TO_32_BIT_CONVERSION = YES;
				GCC_WARN_ABOUT_RETURN_TYPE = YES_ERROR;
				GCC_WARN_UNDECLARED_SELECTOR = YES;
				GCC_WARN_UNINITIALIZED_AUTOS = YES_AGGRESSIVE;
				GCC_WARN_UNUSED_FUNCTION = YES;
				GCC_WARN_UNUSED_VARIABLE = YES;
				IPHONEOS_DEPLOYMENT_TARGET = 11.4;
				MTL_ENABLE_DEBUG_INFO = YES;
				ONLY_ACTIVE_ARCH = YES;
				SDKROOT = iphoneos;
				SWIFT_ACTIVE_COMPILATION_CONDITIONS = DEBUG;
				SWIFT_OPTIMIZATION_LEVEL = "-Onone";
			};
			name = Debug;
		};
		1119ED4120E4AD3300E89EA2 /* Release */ = {
			isa = XCBuildConfiguration;
			buildSettings = {
				ALWAYS_SEARCH_USER_PATHS = NO;
				CLANG_ANALYZER_NONNULL = YES;
				CLANG_ANALYZER_NUMBER_OBJECT_CONVERSION = YES_AGGRESSIVE;
				CLANG_CXX_LANGUAGE_STANDARD = "gnu++14";
				CLANG_CXX_LIBRARY = "libc++";
				CLANG_ENABLE_MODULES = YES;
				CLANG_ENABLE_OBJC_ARC = YES;
				CLANG_ENABLE_OBJC_WEAK = YES;
				CLANG_WARN_BLOCK_CAPTURE_AUTORELEASING = YES;
				CLANG_WARN_BOOL_CONVERSION = YES;
				CLANG_WARN_COMMA = YES;
				CLANG_WARN_CONSTANT_CONVERSION = YES;
				CLANG_WARN_DEPRECATED_OBJC_IMPLEMENTATIONS = YES;
				CLANG_WARN_DIRECT_OBJC_ISA_USAGE = YES_ERROR;
				CLANG_WARN_DOCUMENTATION_COMMENTS = YES;
				CLANG_WARN_EMPTY_BODY = YES;
				CLANG_WARN_ENUM_CONVERSION = YES;
				CLANG_WARN_INFINITE_RECURSION = YES;
				CLANG_WARN_INT_CONVERSION = YES;
				CLANG_WARN_NON_LITERAL_NULL_CONVERSION = YES;
				CLANG_WARN_OBJC_IMPLICIT_RETAIN_SELF = YES;
				CLANG_WARN_OBJC_LITERAL_CONVERSION = YES;
				CLANG_WARN_OBJC_ROOT_CLASS = YES_ERROR;
				CLANG_WARN_RANGE_LOOP_ANALYSIS = YES;
				CLANG_WARN_STRICT_PROTOTYPES = YES;
				CLANG_WARN_SUSPICIOUS_MOVE = YES;
				CLANG_WARN_UNGUARDED_AVAILABILITY = YES_AGGRESSIVE;
				CLANG_WARN_UNREACHABLE_CODE = YES;
				CLANG_WARN__DUPLICATE_METHOD_MATCH = YES;
				CODE_SIGN_IDENTITY = "iPhone Developer";
				COPY_PHASE_STRIP = NO;
				DEBUG_INFORMATION_FORMAT = "dwarf-with-dsym";
				ENABLE_NS_ASSERTIONS = NO;
				ENABLE_STRICT_OBJC_MSGSEND = YES;
				GCC_C_LANGUAGE_STANDARD = gnu11;
				GCC_NO_COMMON_BLOCKS = YES;
				GCC_WARN_64_TO_32_BIT_CONVERSION = YES;
				GCC_WARN_ABOUT_RETURN_TYPE = YES_ERROR;
				GCC_WARN_UNDECLARED_SELECTOR = YES;
				GCC_WARN_UNINITIALIZED_AUTOS = YES_AGGRESSIVE;
				GCC_WARN_UNUSED_FUNCTION = YES;
				GCC_WARN_UNUSED_VARIABLE = YES;
				IPHONEOS_DEPLOYMENT_TARGET = 11.4;
				MTL_ENABLE_DEBUG_INFO = NO;
				SDKROOT = iphoneos;
				SWIFT_COMPILATION_MODE = wholemodule;
				SWIFT_OPTIMIZATION_LEVEL = "-O";
				VALIDATE_PRODUCT = YES;
			};
			name = Release;
		};
		1119ED4320E4AD3300E89EA2 /* Debug */ = {
			isa = XCBuildConfiguration;
			buildSettings = {
				ASSETCATALOG_COMPILER_APPICON_NAME = AppIcon;
				CODE_SIGN_STYLE = Automatic;
				INFOPLIST_FILE = GeoCrimes/Info.plist;
				LD_RUNPATH_SEARCH_PATHS = (
					"$(inherited)",
					"@executable_path/Frameworks",
				);
				PRODUCT_BUNDLE_IDENTIFIER = com.jovitoroyeca.informgroup.GeoCrimes;
				PRODUCT_NAME = "$(TARGET_NAME)";
				SWIFT_VERSION = 4.0;
				TARGETED_DEVICE_FAMILY = "1,2";
			};
			name = Debug;
		};
		1119ED4420E4AD3300E89EA2 /* Release */ = {
			isa = XCBuildConfiguration;
			buildSettings = {
				ASSETCATALOG_COMPILER_APPICON_NAME = AppIcon;
				CODE_SIGN_STYLE = Automatic;
				INFOPLIST_FILE = GeoCrimes/Info.plist;
				LD_RUNPATH_SEARCH_PATHS = (
					"$(inherited)",
					"@executable_path/Frameworks",
				);
				PRODUCT_BUNDLE_IDENTIFIER = com.jovitoroyeca.informgroup.GeoCrimes;
				PRODUCT_NAME = "$(TARGET_NAME)";
				SWIFT_VERSION = 4.0;
				TARGETED_DEVICE_FAMILY = "1,2";
			};
			name = Release;
		};
		1119ED4620E4AD3300E89EA2 /* Debug */ = {
			isa = XCBuildConfiguration;
			buildSettings = {
				ALWAYS_EMBED_SWIFT_STANDARD_LIBRARIES = YES;
				BUNDLE_LOADER = "$(TEST_HOST)";
				CODE_SIGN_STYLE = Automatic;
				INFOPLIST_FILE = GeoCrimesTests/Info.plist;
				LD_RUNPATH_SEARCH_PATHS = (
					"$(inherited)",
					"@executable_path/Frameworks",
					"@loader_path/Frameworks",
				);
				PRODUCT_BUNDLE_IDENTIFIER = com.jovitoroyeca.informgroup.GeoCrimesTests;
				PRODUCT_NAME = "$(TARGET_NAME)";
				SWIFT_VERSION = 4.0;
				TARGETED_DEVICE_FAMILY = "1,2";
				TEST_HOST = "$(BUILT_PRODUCTS_DIR)/GeoCrimes.app/GeoCrimes";
			};
			name = Debug;
		};
		1119ED4720E4AD3300E89EA2 /* Release */ = {
			isa = XCBuildConfiguration;
			buildSettings = {
				ALWAYS_EMBED_SWIFT_STANDARD_LIBRARIES = YES;
				BUNDLE_LOADER = "$(TEST_HOST)";
				CODE_SIGN_STYLE = Automatic;
				INFOPLIST_FILE = GeoCrimesTests/Info.plist;
				LD_RUNPATH_SEARCH_PATHS = (
					"$(inherited)",
					"@executable_path/Frameworks",
					"@loader_path/Frameworks",
				);
				PRODUCT_BUNDLE_IDENTIFIER = com.jovitoroyeca.informgroup.GeoCrimesTests;
				PRODUCT_NAME = "$(TARGET_NAME)";
				SWIFT_VERSION = 4.0;
				TARGETED_DEVICE_FAMILY = "1,2";
				TEST_HOST = "$(BUILT_PRODUCTS_DIR)/GeoCrimes.app/GeoCrimes";
			};
			name = Release;
		};
		1119ED4920E4AD3300E89EA2 /* Debug */ = {
			isa = XCBuildConfiguration;
			buildSettings = {
				ALWAYS_EMBED_SWIFT_STANDARD_LIBRARIES = YES;
				CODE_SIGN_STYLE = Automatic;
				INFOPLIST_FILE = GeoCrimesUITests/Info.plist;
				LD_RUNPATH_SEARCH_PATHS = (
					"$(inherited)",
					"@executable_path/Frameworks",
					"@loader_path/Frameworks",
				);
				PRODUCT_BUNDLE_IDENTIFIER = com.jovitoroyeca.informgroup.GeoCrimesUITests;
				PRODUCT_NAME = "$(TARGET_NAME)";
				SWIFT_VERSION = 4.0;
				TARGETED_DEVICE_FAMILY = "1,2";
				TEST_TARGET_NAME = GeoCrimes;
			};
			name = Debug;
		};
		1119ED4A20E4AD3300E89EA2 /* Release */ = {
			isa = XCBuildConfiguration;
			buildSettings = {
				ALWAYS_EMBED_SWIFT_STANDARD_LIBRARIES = YES;
				CODE_SIGN_STYLE = Automatic;
				INFOPLIST_FILE = GeoCrimesUITests/Info.plist;
				LD_RUNPATH_SEARCH_PATHS = (
					"$(inherited)",
					"@executable_path/Frameworks",
					"@loader_path/Frameworks",
				);
				PRODUCT_BUNDLE_IDENTIFIER = com.jovitoroyeca.informgroup.GeoCrimesUITests;
				PRODUCT_NAME = "$(TARGET_NAME)";
				SWIFT_VERSION = 4.0;
				TARGETED_DEVICE_FAMILY = "1,2";
				TEST_TARGET_NAME = GeoCrimes;
			};
			name = Release;
		};
/* End XCBuildConfiguration section */

/* Begin XCConfigurationList section */
		1119ED1220E4AD3100E89EA2 /* Build configuration list for PBXProject "GeoCrimes" */ = {
			isa = XCConfigurationList;
			buildConfigurations = (
				1119ED4020E4AD3300E89EA2 /* Debug */,
				1119ED4120E4AD3300E89EA2 /* Release */,
			);
			defaultConfigurationIsVisible = 0;
			defaultConfigurationName = Release;
		};
		1119ED4220E4AD3300E89EA2 /* Build configuration list for PBXNativeTarget "GeoCrimes" */ = {
			isa = XCConfigurationList;
			buildConfigurations = (
				1119ED4320E4AD3300E89EA2 /* Debug */,
				1119ED4420E4AD3300E89EA2 /* Release */,
			);
			defaultConfigurationIsVisible = 0;
			defaultConfigurationName = Release;
		};
		1119ED4520E4AD3300E89EA2 /* Build configuration list for PBXNativeTarget "GeoCrimesTests" */ = {
			isa = XCConfigurationList;
			buildConfigurations = (
				1119ED4620E4AD3300E89EA2 /* Debug */,
				1119ED4720E4AD3300E89EA2 /* Release */,
			);
			defaultConfigurationIsVisible = 0;
			defaultConfigurationName = Release;
		};
		1119ED4820E4AD3300E89EA2 /* Build configuration list for PBXNativeTarget "GeoCrimesUITests" */ = {
			isa = XCConfigurationList;
			buildConfigurations = (
				1119ED4920E4AD3300E89EA2 /* Debug */,
				1119ED4A20E4AD3300E89EA2 /* Release */,
			);
			defaultConfigurationIsVisible = 0;
			defaultConfigurationName = Release;
		};
/* End XCConfigurationList section */

/* Begin XCVersionGroup section */
		1119ED2120E4AD3100E89EA2 /* GeoCrimes.xcdatamodeld */ = {
			isa = XCVersionGroup;
			children = (
				1119ED2220E4AD3100E89EA2 /* GeoCrimes.xcdatamodel */,
			);
			currentVersion = 1119ED2220E4AD3100E89EA2 /* GeoCrimes.xcdatamodel */;
			path = GeoCrimes.xcdatamodeld;
			sourceTree = "<group>";
			versionGroupType = wrapper.xcdatamodel;
		};
/* End XCVersionGroup section */
	};
	rootObject = 1119ED0F20E4AD3100E89EA2 /* Project object */;
}
